
Microsoft Visual Studio Solution File, Format Version 12.00
# Visual Studio 15
VisualStudioVersion = 15.0.26403.7
MinimumVisualStudioVersion = 10.0.40219.1
Project("{FAE04EC0-301F-11D3-BF4B-00C04F79EFBC}") = "Dodavinkeln.Taxonomy", "src\Dodavinkeln.Taxonomy\Dodavinkeln.Taxonomy.csproj", "{5EAD40C8-0096-46FE-8561-7BAD7EBDDFD8}"
EndProject
Project("{FAE04EC0-301F-11D3-BF4B-00C04F79EFBC}") = "Dodavinkeln.Taxonomy.Core", "src\Dodavinkeln.Taxonomy.Core\Dodavinkeln.Taxonomy.Core.csproj", "{A50905ED-131D-4360-A375-886AD7EBB09C}"
EndProject
Project("{2150E333-8FDC-42A3-9474-1A3956D46DE8}") = "Solution items", "Solution items", "{4CC96832-C707-412E-9885-186AB77C73D6}"
	ProjectSection(SolutionItems) = preProject
		nuget.config = nuget.config
		README.md = README.md
		stylecop.ruleset = stylecop.ruleset
	EndProjectSection
EndProject
Global
	GlobalSection(SolutionConfigurationPlatforms) = preSolution
		Debug|Any CPU = Debug|Any CPU
		Release|Any CPU = Release|Any CPU
	EndGlobalSection
	GlobalSection(ProjectConfigurationPlatforms) = postSolution
		{5EAD40C8-0096-46FE-8561-7BAD7EBDDFD8}.Debug|Any CPU.ActiveCfg = Debug|Any CPU
		{5EAD40C8-0096-46FE-8561-7BAD7EBDDFD8}.Debug|Any CPU.Build.0 = Debug|Any CPU
		{5EAD40C8-0096-46FE-8561-7BAD7EBDDFD8}.Release|Any CPU.ActiveCfg = Release|Any CPU
		{5EAD40C8-0096-46FE-8561-7BAD7EBDDFD8}.Release|Any CPU.Build.0 = Release|Any CPU
		{A50905ED-131D-4360-A375-886AD7EBB09C}.Debug|Any CPU.ActiveCfg = Debug|Any CPU
		{A50905ED-131D-4360-A375-886AD7EBB09C}.Debug|Any CPU.Build.0 = Debug|Any CPU
		{A50905ED-131D-4360-A375-886AD7EBB09C}.Release|Any CPU.ActiveCfg = Release|Any CPU
		{A50905ED-131D-4360-A375-886AD7EBB09C}.Release|Any CPU.Build.0 = Release|Any CPU
	EndGlobalSection
	GlobalSection(SolutionProperties) = preSolution
		HideSolutionNode = FALSE
	EndGlobalSection
EndGlobal
